
Microsoft Visual Studio Solution File, Format Version 12.00
# Visual Studio 15
VisualStudioVersion = 15.0.28307.271
MinimumVisualStudioVersion = 10.0.40219.1
Project("{FAE04EC0-301F-11D3-BF4B-00C04F79EFBC}") = "TeamPowered", "TeamPowered\TeamPowered.csproj", "{B9751B1E-4691-4D2D-BD6A-FC58FA124C6D}"
EndProject
Global
	GlobalSection(SolutionConfigurationPlatforms) = preSolution
		Debug|Any CPU = Debug|Any CPU
		Release|Any CPU = Release|Any CPU
	EndGlobalSection
	GlobalSection(ProjectConfigurationPlatforms) = postSolution
		{B9751B1E-4691-4D2D-BD6A-FC58FA124C6D}.Debug|Any CPU.ActiveCfg = Debug|Any CPU
		{B9751B1E-4691-4D2D-BD6A-FC58FA124C6D}.Debug|Any CPU.Build.0 = Debug|Any CPU
		{B9751B1E-4691-4D2D-BD6A-FC58FA124C6D}.Release|Any CPU.ActiveCfg = Release|Any CPU
		{B9751B1E-4691-4D2D-BD6A-FC58FA124C6D}.Release|Any CPU.Build.0 = Release|Any CPU
	EndGlobalSection
	GlobalSection(SolutionProperties) = preSolution
		HideSolutionNode = FALSE
	EndGlobalSection
	GlobalSection(ExtensibilityGlobals) = postSolution
		SolutionGuid = {A7C0EFD7-E967-41C2-BB11-4315EC37D26D}
	EndGlobalSection
EndGlobal
